
Microsoft Visual Studio Solution File, Format Version 12.00
# Visual Studio Version 16
VisualStudioVersion = 16.0.31727.386
MinimumVisualStudioVersion = 10.0.40219.1
Project("{FAE04EC0-301F-11D3-BF4B-00C04F79EFBC}") = "Ticket_booking", "Ticket_booking\Ticket_booking.csproj", "{7751F09F-C400-4879-B00A-98C824A1A81B}"
EndProject
Global
	GlobalSection(SolutionConfigurationPlatforms) = preSolution
		Debug|Any CPU = Debug|Any CPU
		Release|Any CPU = Release|Any CPU
	EndGlobalSection
	GlobalSection(ProjectConfigurationPlatforms) = postSolution
		{7751F09F-C400-4879-B00A-98C824A1A81B}.Debug|Any CPU.ActiveCfg = Debug|Any CPU
		{7751F09F-C400-4879-B00A-98C824A1A81B}.Debug|Any CPU.Build.0 = Debug|Any CPU
		{7751F09F-C400-4879-B00A-98C824A1A81B}.Release|Any CPU.ActiveCfg = Release|Any CPU
		{7751F09F-C400-4879-B00A-98C824A1A81B}.Release|Any CPU.Build.0 = Release|Any CPU
	EndGlobalSection
	GlobalSection(SolutionProperties) = preSolution
		HideSolutionNode = FALSE
	EndGlobalSection
	GlobalSection(ExtensibilityGlobals) = postSolution
		SolutionGuid = {387C5C2C-935C-4719-B3B3-BF3A6DA9A13B}
	EndGlobalSection
EndGlobal
